
Microsoft Visual Studio Solution File, Format Version 12.00
# Visual Studio Version 17
VisualStudioVersion = 17.5.002.0
MinimumVisualStudioVersion = 10.0.40219.1
Project("{9A19103F-16F7-4668-BE54-9A1E7A4F7556}") = "TP10", "TP10.csproj", "{DAD79B0C-C6D7-4F4E-86F8-84EBAFF9BF41}"
EndProject
Global
	GlobalSection(SolutionConfigurationPlatforms) = preSolution
		Debug|Any CPU = Debug|Any CPU
		Release|Any CPU = Release|Any CPU
	EndGlobalSection
	GlobalSection(ProjectConfigurationPlatforms) = postSolution
		{DAD79B0C-C6D7-4F4E-86F8-84EBAFF9BF41}.Debug|Any CPU.ActiveCfg = Debug|Any CPU
		{DAD79B0C-C6D7-4F4E-86F8-84EBAFF9BF41}.Debug|Any CPU.Build.0 = Debug|Any CPU
		{DAD79B0C-C6D7-4F4E-86F8-84EBAFF9BF41}.Release|Any CPU.ActiveCfg = Release|Any CPU
		{DAD79B0C-C6D7-4F4E-86F8-84EBAFF9BF41}.Release|Any CPU.Build.0 = Release|Any CPU
	EndGlobalSection
	GlobalSection(SolutionProperties) = preSolution
		HideSolutionNode = FALSE
	EndGlobalSection
	GlobalSection(ExtensibilityGlobals) = postSolution
		SolutionGuid = {4E6971EE-7617-466D-8D58-71C175A6B131}
	EndGlobalSection
EndGlobal
